// !$*UTF8*$!
{
	archiveVersion = 1;
	classes = {
	};
	objectVersion = 56;
	objects = {

/* Begin PBXBuildFile section */
		059800052C2B735E0028075E /* TelaHome.swift in Sources */ = {isa = PBXBuildFile; fileRef = 059800042C2B735D0028075E /* TelaHome.swift */; };
		0598FFF72C2B73200028075E /* HackaTravelApp.swift in Sources */ = {isa = PBXBuildFile; fileRef = 0598FFF62C2B73200028075E /* HackaTravelApp.swift */; };
		0598FFF92C2B73200028075E /* ContentView.swift in Sources */ = {isa = PBXBuildFile; fileRef = 0598FFF82C2B73200028075E /* ContentView.swift */; };
		0598FFFB2C2B73210028075E /* Assets.xcassets in Resources */ = {isa = PBXBuildFile; fileRef = 0598FFFA2C2B73210028075E /* Assets.xcassets */; };
		0598FFFE2C2B73210028075E /* Preview Assets.xcassets in Resources */ = {isa = PBXBuildFile; fileRef = 0598FFFD2C2B73210028075E /* Preview Assets.xcassets */; };
		67042D242C2E2F8400723F48 /* sheetPais.swift in Sources */ = {isa = PBXBuildFile; fileRef = 67042D232C2E2F8400723F48 /* sheetPais.swift */; };
		67986D6C2C2F768600FBD5C8 /* telaPerfil.swift in Sources */ = {isa = PBXBuildFile; fileRef = 67986D6B2C2F768600FBD5C8 /* telaPerfil.swift */; };
		67986D702C2F7D5F00FBD5C8 /* telaPerfilPessoa.swift in Sources */ = {isa = PBXBuildFile; fileRef = 67986D6F2C2F7D5F00FBD5C8 /* telaPerfilPessoa.swift */; };
		67F7BB852C335ECF00F6E9A2 /* model.swift in Sources */ = {isa = PBXBuildFile; fileRef = 67F7BB842C335ECE00F6E9A2 /* model.swift */; };
		67F7BB872C335EF400F6E9A2 /* ViewModel.swift in Sources */ = {isa = PBXBuildFile; fileRef = 67F7BB862C335EF400F6E9A2 /* ViewModel.swift */; };
		67F7BB892C335FEF00F6E9A2 /* chatView.swift in Sources */ = {isa = PBXBuildFile; fileRef = 67F7BB882C335FEF00F6E9A2 /* chatView.swift */; };
		67F7BB8B2C3377C700F6E9A2 /* pesquisaPais.swift in Sources */ = {isa = PBXBuildFile; fileRef = 67F7BB8A2C3377C700F6E9A2 /* pesquisaPais.swift */; };
		67F8499D2C2CCEC60026CE22 /* ListaDeMensagens.swift in Sources */ = {isa = PBXBuildFile; fileRef = 67F8499C2C2CCEC50026CE22 /* ListaDeMensagens.swift */; };
		67F8499F2C2CD7470026CE22 /* ItemNaListaView.swift in Sources */ = {isa = PBXBuildFile; fileRef = 67F8499E2C2CD7470026CE22 /* ItemNaListaView.swift */; };
		67F849A32C2CE5AF0026CE22 /* mapView.swift in Sources */ = {isa = PBXBuildFile; fileRef = 67F849A22C2CE5AF0026CE22 /* mapView.swift */; };
/* End PBXBuildFile section */

/* Begin PBXFileReference section */
		059800042C2B735D0028075E /* TelaHome.swift */ = {isa = PBXFileReference; lastKnownFileType = sourcecode.swift; path = TelaHome.swift; sourceTree = "<group>"; };
		0598FFF32C2B73200028075E /* HackaTravel.app */ = {isa = PBXFileReference; explicitFileType = wrapper.application; includeInIndex = 0; path = HackaTravel.app; sourceTree = BUILT_PRODUCTS_DIR; };
		0598FFF62C2B73200028075E /* HackaTravelApp.swift */ = {isa = PBXFileReference; lastKnownFileType = sourcecode.swift; path = HackaTravelApp.swift; sourceTree = "<group>"; };
		0598FFF82C2B73200028075E /* ContentView.swift */ = {isa = PBXFileReference; lastKnownFileType = sourcecode.swift; path = ContentView.swift; sourceTree = "<group>"; };
		0598FFFA2C2B73210028075E /* Assets.xcassets */ = {isa = PBXFileReference; lastKnownFileType = folder.assetcatalog; path = Assets.xcassets; sourceTree = "<group>"; };
		0598FFFD2C2B73210028075E /* Preview Assets.xcassets */ = {isa = PBXFileReference; lastKnownFileType = folder.assetcatalog; path = "Preview Assets.xcassets"; sourceTree = "<group>"; };
		67042D232C2E2F8400723F48 /* sheetPais.swift */ = {isa = PBXFileReference; lastKnownFileType = sourcecode.swift; path = sheetPais.swift; sourceTree = "<group>"; };
		67986D6B2C2F768600FBD5C8 /* telaPerfil.swift */ = {isa = PBXFileReference; lastKnownFileType = sourcecode.swift; path = telaPerfil.swift; sourceTree = "<group>"; };
		67986D6F2C2F7D5F00FBD5C8 /* telaPerfilPessoa.swift */ = {isa = PBXFileReference; lastKnownFileType = sourcecode.swift; path = telaPerfilPessoa.swift; sourceTree = "<group>"; };
		67F7BB842C335ECE00F6E9A2 /* model.swift */ = {isa = PBXFileReference; lastKnownFileType = sourcecode.swift; path = model.swift; sourceTree = "<group>"; };
		67F7BB862C335EF400F6E9A2 /* ViewModel.swift */ = {isa = PBXFileReference; lastKnownFileType = sourcecode.swift; path = ViewModel.swift; sourceTree = "<group>"; };
		67F7BB882C335FEF00F6E9A2 /* chatView.swift */ = {isa = PBXFileReference; lastKnownFileType = sourcecode.swift; path = chatView.swift; sourceTree = "<group>"; };
		67F7BB8A2C3377C700F6E9A2 /* pesquisaPais.swift */ = {isa = PBXFileReference; lastKnownFileType = sourcecode.swift; path = pesquisaPais.swift; sourceTree = "<group>"; };
		67F8499C2C2CCEC50026CE22 /* ListaDeMensagens.swift */ = {isa = PBXFileReference; lastKnownFileType = sourcecode.swift; path = ListaDeMensagens.swift; sourceTree = "<group>"; };
		67F8499E2C2CD7470026CE22 /* ItemNaListaView.swift */ = {isa = PBXFileReference; lastKnownFileType = sourcecode.swift; path = ItemNaListaView.swift; sourceTree = "<group>"; };
		67F849A22C2CE5AF0026CE22 /* mapView.swift */ = {isa = PBXFileReference; lastKnownFileType = sourcecode.swift; path = mapView.swift; sourceTree = "<group>"; };
/* End PBXFileReference section */

/* Begin PBXFrameworksBuildPhase section */
		0598FFF02C2B73200028075E /* Frameworks */ = {
			isa = PBXFrameworksBuildPhase;
			buildActionMask = 2147483647;
			files = (
			);
			runOnlyForDeploymentPostprocessing = 0;
		};
/* End PBXFrameworksBuildPhase section */

/* Begin PBXGroup section */
		0598FFEA2C2B73200028075E = {
			isa = PBXGroup;
			children = (
				0598FFF52C2B73200028075E /* HackaTravel */,
				0598FFF42C2B73200028075E /* Products */,
			);
			sourceTree = "<group>";
		};
		0598FFF42C2B73200028075E /* Products */ = {
			isa = PBXGroup;
			children = (
				0598FFF32C2B73200028075E /* HackaTravel.app */,
			);
			name = Products;
			sourceTree = "<group>";
		};
		0598FFF52C2B73200028075E /* HackaTravel */ = {
			isa = PBXGroup;
			children = (
				67F7BB8A2C3377C700F6E9A2 /* pesquisaPais.swift */,
				67F7BB882C335FEF00F6E9A2 /* chatView.swift */,
				67F7BB862C335EF400F6E9A2 /* ViewModel.swift */,
				67F7BB842C335ECE00F6E9A2 /* model.swift */,
				67986D6F2C2F7D5F00FBD5C8 /* telaPerfilPessoa.swift */,
				67F8499E2C2CD7470026CE22 /* ItemNaListaView.swift */,
				67F849A22C2CE5AF0026CE22 /* mapView.swift */,
				0598FFF62C2B73200028075E /* HackaTravelApp.swift */,
				059800042C2B735D0028075E /* TelaHome.swift */,
				0598FFF82C2B73200028075E /* ContentView.swift */,
				67F8499C2C2CCEC50026CE22 /* ListaDeMensagens.swift */,
				67042D232C2E2F8400723F48 /* sheetPais.swift */,
				67986D6B2C2F768600FBD5C8 /* telaPerfil.swift */,
				0598FFFA2C2B73210028075E /* Assets.xcassets */,
				0598FFFC2C2B73210028075E /* Preview Content */,
			);
			path = HackaTravel;
			sourceTree = "<group>";
		};
		0598FFFC2C2B73210028075E /* Preview Content */ = {
			isa = PBXGroup;
			children = (
				0598FFFD2C2B73210028075E /* Preview Assets.xcassets */,
			);
			path = "Preview Content";
			sourceTree = "<group>";
		};
/* End PBXGroup section */

/* Begin PBXNativeTarget section */
		0598FFF22C2B73200028075E /* HackaTravel */ = {
			isa = PBXNativeTarget;
			buildConfigurationList = 059800012C2B73210028075E /* Build configuration list for PBXNativeTarget "HackaTravel" */;
			buildPhases = (
				0598FFEF2C2B73200028075E /* Sources */,
				0598FFF02C2B73200028075E /* Frameworks */,
				0598FFF12C2B73200028075E /* Resources */,
			);
			buildRules = (
			);
			dependencies = (
			);
			name = HackaTravel;
			productName = HackaTravel;
			productReference = 0598FFF32C2B73200028075E /* HackaTravel.app */;
			productType = "com.apple.product-type.application";
		};
/* End PBXNativeTarget section */

/* Begin PBXProject section */
		0598FFEB2C2B73200028075E /* Project object */ = {
			isa = PBXProject;
			attributes = {
				BuildIndependentTargetsInParallel = 1;
				LastSwiftUpdateCheck = 1520;
				LastUpgradeCheck = 1520;
				TargetAttributes = {
					0598FFF22C2B73200028075E = {
						CreatedOnToolsVersion = 15.2;
					};
				};
			};
			buildConfigurationList = 0598FFEE2C2B73200028075E /* Build configuration list for PBXProject "HackaTravel" */;
			compatibilityVersion = "Xcode 14.0";
			developmentRegion = en;
			hasScannedForEncodings = 0;
			knownRegions = (
				en,
				Base,
			);
			mainGroup = 0598FFEA2C2B73200028075E;
			productRefGroup = 0598FFF42C2B73200028075E /* Products */;
			projectDirPath = "";
			projectRoot = "";
			targets = (
				0598FFF22C2B73200028075E /* HackaTravel */,
			);
		};
/* End PBXProject section */

/* Begin PBXResourcesBuildPhase section */
		0598FFF12C2B73200028075E /* Resources */ = {
			isa = PBXResourcesBuildPhase;
			buildActionMask = 2147483647;
			files = (
				0598FFFE2C2B73210028075E /* Preview Assets.xcassets in Resources */,
				0598FFFB2C2B73210028075E /* Assets.xcassets in Resources */,
			);
			runOnlyForDeploymentPostprocessing = 0;
		};
/* End PBXResourcesBuildPhase section */

/* Begin PBXSourcesBuildPhase section */
		0598FFEF2C2B73200028075E /* Sources */ = {
			isa = PBXSourcesBuildPhase;
			buildActionMask = 2147483647;
			files = (
				67986D702C2F7D5F00FBD5C8 /* telaPerfilPessoa.swift in Sources */,
				0598FFF92C2B73200028075E /* ContentView.swift in Sources */,
				67F7BB852C335ECF00F6E9A2 /* model.swift in Sources */,
				67F8499D2C2CCEC60026CE22 /* ListaDeMensagens.swift in Sources */,
				67F7BB8B2C3377C700F6E9A2 /* pesquisaPais.swift in Sources */,
				0598FFF72C2B73200028075E /* HackaTravelApp.swift in Sources */,
				67986D6C2C2F768600FBD5C8 /* telaPerfil.swift in Sources */,
				67F7BB892C335FEF00F6E9A2 /* chatView.swift in Sources */,
				67F8499F2C2CD7470026CE22 /* ItemNaListaView.swift in Sources */,
				059800052C2B735E0028075E /* TelaHome.swift in Sources */,
				67F849A32C2CE5AF0026CE22 /* mapView.swift in Sources */,
				67F7BB872C335EF400F6E9A2 /* ViewModel.swift in Sources */,
				67042D242C2E2F8400723F48 /* sheetPais.swift in Sources */,
			);
			runOnlyForDeploymentPostprocessing = 0;
		};
/* End PBXSourcesBuildPhase section */

/* Begin XCBuildConfiguration section */
		059800002C2B73210028075E /* Release */ = {
			isa = XCBuildConfiguration;
			buildSettings = {
				ALWAYS_SEARCH_USER_PATHS = NO;
				ASSETCATALOG_COMPILER_GENERATE_SWIFT_ASSET_SYMBOL_EXTENSIONS = YES;
				CLANG_ANALYZER_NONNULL = YES;
				CLANG_ANALYZER_NUMBER_OBJECT_CONVERSION = YES_AGGRESSIVE;
				CLANG_CXX_LANGUAGE_STANDARD = "gnu++20";
				CLANG_ENABLE_MODULES = YES;
				CLANG_ENABLE_OBJC_ARC = YES;
				CLANG_ENABLE_OBJC_WEAK = YES;
				CLANG_WARN_BLOCK_CAPTURE_AUTORELEASING = YES;
				CLANG_WARN_BOOL_CONVERSION = YES;
				CLANG_WARN_COMMA = YES;
				CLANG_WARN_CONSTANT_CONVERSION = YES;
				CLANG_WARN_DEPRECATED_OBJC_IMPLEMENTATIONS = YES;
				CLANG_WARN_DIRECT_OBJC_ISA_USAGE = YES_ERROR;
				CLANG_WARN_DOCUMENTATION_COMMENTS = YES;
				CLANG_WARN_EMPTY_BODY = YES;
				CLANG_WARN_ENUM_CONVERSION = YES;
				CLANG_WARN_INFINITE_RECURSION = YES;
				CLANG_WARN_INT_CONVERSION = YES;
				CLANG_WARN_NON_LITERAL_NULL_CONVERSION = YES;
				CLANG_WARN_OBJC_IMPLICIT_RETAIN_SELF = YES;
				CLANG_WARN_OBJC_LITERAL_CONVERSION = YES;
				CLANG_WARN_OBJC_ROOT_CLASS = YES_ERROR;
				CLANG_WARN_QUOTED_INCLUDE_IN_FRAMEWORK_HEADER = YES;
				CLANG_WARN_RANGE_LOOP_ANALYSIS = YES;
				CLANG_WARN_STRICT_PROTOTYPES = YES;
				CLANG_WARN_SUSPICIOUS_MOVE = YES;
				CLANG_WARN_UNGUARDED_AVAILABILITY = YES_AGGRESSIVE;
				CLANG_WARN_UNREACHABLE_CODE = YES;
				CLANG_WARN__DUPLICATE_METHOD_MATCH = YES;
				COPY_PHASE_STRIP = NO;
				DEBUG_INFORMATION_FORMAT = "dwarf-with-dsym";
				ENABLE_NS_ASSERTIONS = NO;
				ENABLE_STRICT_OBJC_MSGSEND = YES;
				ENABLE_USER_SCRIPT_SANDBOXING = YES;
				GCC_C_LANGUAGE_STANDARD = gnu17;
				GCC_NO_COMMON_BLOCKS = YES;
				GCC_WARN_64_TO_32_BIT_CONVERSION = YES;
				GCC_WARN_ABOUT_RETURN_TYPE = YES_ERROR;
				GCC_WARN_UNDECLARED_SELECTOR = YES;
				GCC_WARN_UNINITIALIZED_AUTOS = YES_AGGRESSIVE;
				GCC_WARN_UNUSED_FUNCTION = YES;
				GCC_WARN_UNUSED_VARIABLE = YES;
				IPHONEOS_DEPLOYMENT_TARGET = 17.2;
				LOCALIZATION_PREFERS_STRING_CATALOGS = YES;
				MTL_ENABLE_DEBUG_INFO = NO;
				MTL_FAST_MATH = YES;
				SDKROOT = iphoneos;
				SWIFT_COMPILATION_MODE = wholemodule;
				VALIDATE_PRODUCT = YES;
			};
			name = Release;
		};
		059800022C2B73210028075E /* Debug */ = {
			isa = XCBuildConfiguration;
			buildSettings = {
				ASSETCATALOG_COMPILER_APPICON_NAME = AppIcon;
				ASSETCATALOG_COMPILER_GLOBAL_ACCENT_COLOR_NAME = AccentColor;
				CODE_SIGN_STYLE = Automatic;
				CURRENT_PROJECT_VERSION = 1;
				DEVELOPMENT_ASSET_PATHS = "\"HackaTravel/Preview Content\"";
				DEVELOPMENT_TEAM = GVJU937ZUD;
				ENABLE_PREVIEWS = YES;
				GENERATE_INFOPLIST_FILE = YES;
				INFOPLIST_KEY_UIApplicationSceneManifest_Generation = YES;
				INFOPLIST_KEY_UIApplicationSupportsIndirectInputEvents = YES;
				INFOPLIST_KEY_UILaunchScreen_Generation = YES;
				INFOPLIST_KEY_UISupportedInterfaceOrientations_iPad = "UIInterfaceOrientationPortrait UIInterfaceOrientationPortraitUpsideDown UIInterfaceOrientationLandscapeLeft UIInterfaceOrientationLandscapeRight";
				INFOPLIST_KEY_UISupportedInterfaceOrientations_iPhone = "UIInterfaceOrientationPortrait UIInterfaceOrientationLandscapeLeft UIInterfaceOrientationLandscapeRight";
				LD_RUNPATH_SEARCH_PATHS = (
					"$(inherited)",
					"@executable_path/Frameworks",
				);
				MARKETING_VERSION = 1.0;
				PRODUCT_BUNDLE_IDENTIFIER = barbarapereira.HackaTravel;
				PRODUCT_NAME = "$(TARGET_NAME)";
				SWIFT_EMIT_LOC_STRINGS = YES;
				SWIFT_VERSION = 5.0;
				TARGETED_DEVICE_FAMILY = "1,2";
			};
			name = Debug;
		};
		059800032C2B73210028075E /* Release */ = {
			isa = XCBuildConfiguration;
			buildSettings = {
				ASSETCATALOG_COMPILER_APPICON_NAME = AppIcon;
				ASSETCATALOG_COMPILER_GLOBAL_ACCENT_COLOR_NAME = AccentColor;
				CODE_SIGN_STYLE = Automatic;
				CURRENT_PROJECT_VERSION = 1;
				DEVELOPMENT_ASSET_PATHS = "\"HackaTravel/Preview Content\"";
				DEVELOPMENT_TEAM = GVJU937ZUD;
				ENABLE_PREVIEWS = YES;
				GENERATE_INFOPLIST_FILE = YES;
				INFOPLIST_KEY_UIApplicationSceneManifest_Generation = YES;
				INFOPLIST_KEY_UIApplicationSupportsIndirectInputEvents = YES;
				INFOPLIST_KEY_UILaunchScreen_Generation = YES;
				INFOPLIST_KEY_UISupportedInterfaceOrientations_iPad = "UIInterfaceOrientationPortrait UIInterfaceOrientationPortraitUpsideDown UIInterfaceOrientationLandscapeLeft UIInterfaceOrientationLandscapeRight";
				INFOPLIST_KEY_UISupportedInterfaceOrientations_iPhone = "UIInterfaceOrientationPortrait UIInterfaceOrientationLandscapeLeft UIInterfaceOrientationLandscapeRight";
				LD_RUNPATH_SEARCH_PATHS = (
					"$(inherited)",
					"@executable_path/Frameworks",
				);
				MARKETING_VERSION = 1.0;
				PRODUCT_BUNDLE_IDENTIFIER = barbarapereira.HackaTravel;
				PRODUCT_NAME = "$(TARGET_NAME)";
				SWIFT_EMIT_LOC_STRINGS = YES;
				SWIFT_VERSION = 5.0;
				TARGETED_DEVICE_FAMILY = "1,2";
			};
			name = Release;
		};
		0598FFFF2C2B73210028075E /* Debug */ = {
			isa = XCBuildConfiguration;
			buildSettings = {
				ALWAYS_SEARCH_USER_PATHS = NO;
				ASSETCATALOG_COMPILER_GENERATE_SWIFT_ASSET_SYMBOL_EXTENSIONS = YES;
				CLANG_ANALYZER_NONNULL = YES;
				CLANG_ANALYZER_NUMBER_OBJECT_CONVERSION = YES_AGGRESSIVE;
				CLANG_CXX_LANGUAGE_STANDARD = "gnu++20";
				CLANG_ENABLE_MODULES = YES;
				CLANG_ENABLE_OBJC_ARC = YES;
				CLANG_ENABLE_OBJC_WEAK = YES;
				CLANG_WARN_BLOCK_CAPTURE_AUTORELEASING = YES;
				CLANG_WARN_BOOL_CONVERSION = YES;
				CLANG_WARN_COMMA = YES;
				CLANG_WARN_CONSTANT_CONVERSION = YES;
				CLANG_WARN_DEPRECATED_OBJC_IMPLEMENTATIONS = YES;
				CLANG_WARN_DIRECT_OBJC_ISA_USAGE = YES_ERROR;
				CLANG_WARN_DOCUMENTATION_COMMENTS = YES;
				CLANG_WARN_EMPTY_BODY = YES;
				CLANG_WARN_ENUM_CONVERSION = YES;
				CLANG_WARN_INFINITE_RECURSION = YES;
				CLANG_WARN_INT_CONVERSION = YES;
				CLANG_WARN_NON_LITERAL_NULL_CONVERSION = YES;
				CLANG_WARN_OBJC_IMPLICIT_RETAIN_SELF = YES;
				CLANG_WARN_OBJC_LITERAL_CONVERSION = YES;
				CLANG_WARN_OBJC_ROOT_CLASS = YES_ERROR;
				CLANG_WARN_QUOTED_INCLUDE_IN_FRAMEWORK_HEADER = YES;
				CLANG_WARN_RANGE_LOOP_ANALYSIS = YES;
				CLANG_WARN_STRICT_PROTOTYPES = YES;
				CLANG_WARN_SUSPICIOUS_MOVE = YES;
				CLANG_WARN_UNGUARDED_AVAILABILITY = YES_AGGRESSIVE;
				CLANG_WARN_UNREACHABLE_CODE = YES;
				CLANG_WARN__DUPLICATE_METHOD_MATCH = YES;
				COPY_PHASE_STRIP = NO;
				DEBUG_INFORMATION_FORMAT = dwarf;
				ENABLE_STRICT_OBJC_MSGSEND = YES;
				ENABLE_TESTABILITY = YES;
				ENABLE_USER_SCRIPT_SANDBOXING = YES;
				GCC_C_LANGUAGE_STANDARD = gnu17;
				GCC_DYNAMIC_NO_PIC = NO;
				GCC_NO_COMMON_BLOCKS = YES;
				GCC_OPTIMIZATION_LEVEL = 0;
				GCC_PREPROCESSOR_DEFINITIONS = (
					"DEBUG=1",
					"$(inherited)",
				);
				GCC_WARN_64_TO_32_BIT_CONVERSION = YES;
				GCC_WARN_ABOUT_RETURN_TYPE = YES_ERROR;
				GCC_WARN_UNDECLARED_SELECTOR = YES;
				GCC_WARN_UNINITIALIZED_AUTOS = YES_AGGRESSIVE;
				GCC_WARN_UNUSED_FUNCTION = YES;
				GCC_WARN_UNUSED_VARIABLE = YES;
				IPHONEOS_DEPLOYMENT_TARGET = 17.2;
				LOCALIZATION_PREFERS_STRING_CATALOGS = YES;
				MTL_ENABLE_DEBUG_INFO = INCLUDE_SOURCE;
				MTL_FAST_MATH = YES;
				ONLY_ACTIVE_ARCH = YES;
				SDKROOT = iphoneos;
				SWIFT_ACTIVE_COMPILATION_CONDITIONS = "DEBUG $(inherited)";
				SWIFT_OPTIMIZATION_LEVEL = "-Onone";
			};
			name = Debug;
		};
/* End XCBuildConfiguration section */

/* Begin XCConfigurationList section */
		059800012C2B73210028075E /* Build configuration list for PBXNativeTarget "HackaTravel" */ = {
			isa = XCConfigurationList;
			buildConfigurations = (
				059800022C2B73210028075E /* Debug */,
				059800032C2B73210028075E /* Release */,
			);
			defaultConfigurationIsVisible = 0;
			defaultConfigurationName = Release;
		};
		0598FFEE2C2B73200028075E /* Build configuration list for PBXProject "HackaTravel" */ = {
			isa = XCConfigurationList;
			buildConfigurations = (
				0598FFFF2C2B73210028075E /* Debug */,
				059800002C2B73210028075E /* Release */,
			);
			defaultConfigurationIsVisible = 0;
			defaultConfigurationName = Release;
		};
/* End XCConfigurationList section */
	};
	rootObject = 0598FFEB2C2B73200028075E /* Project object */;
}
